
Microsoft Visual Studio Solution File, Format Version 12.00
# Visual Studio 15
VisualStudioVersion = 15.0.27703.2035
MinimumVisualStudioVersion = 10.0.40219.1
Project("{FAE04EC0-301F-11D3-BF4B-00C04F79EFBC}") = "ReactJsCRUD", "ReactJsCRUD\ReactJsCRUD.csproj", "{8B9B98C0-1891-4192-B7E4-31CF69A820FF}"
EndProject
Global
	GlobalSection(SolutionConfigurationPlatforms) = preSolution
		Debug|Any CPU = Debug|Any CPU
		Release|Any CPU = Release|Any CPU
	EndGlobalSection
	GlobalSection(ProjectConfigurationPlatforms) = postSolution
		{8B9B98C0-1891-4192-B7E4-31CF69A820FF}.Debug|Any CPU.ActiveCfg = Debug|Any CPU
		{8B9B98C0-1891-4192-B7E4-31CF69A820FF}.Debug|Any CPU.Build.0 = Debug|Any CPU
		{8B9B98C0-1891-4192-B7E4-31CF69A820FF}.Release|Any CPU.ActiveCfg = Release|Any CPU
		{8B9B98C0-1891-4192-B7E4-31CF69A820FF}.Release|Any CPU.Build.0 = Release|Any CPU
	EndGlobalSection
	GlobalSection(SolutionProperties) = preSolution
		HideSolutionNode = FALSE
	EndGlobalSection
	GlobalSection(ExtensibilityGlobals) = postSolution
		SolutionGuid = {6B6C1536-FB1B-454C-9DAF-A72AC30D969C}
	EndGlobalSection
EndGlobal
